
Microsoft Visual Studio Solution File, Format Version 12.00
# Visual Studio 2013
VisualStudioVersion = 12.0.21005.1
MinimumVisualStudioVersion = 10.0.40219.1
Project("{8BC9CEB8-8B4A-11D0-8D11-00A0C91BC942}") = "RealtimeWater", "vs\RealtimeWater.vcxproj", "{11F7DE41-B33A-4D35-9E4F-242B99B37FFB}"
EndProject
Global
	GlobalSection(SolutionConfigurationPlatforms) = preSolution
		Debug|Win32 = Debug|Win32
		Release|Win32 = Release|Win32
	EndGlobalSection
	GlobalSection(ProjectConfigurationPlatforms) = postSolution
		{CF356B88-93C7-4208-AEF9-6EEDB2A41C00}.Debug|Win32.ActiveCfg = Debug|Win32
		{CF356B88-93C7-4208-AEF9-6EEDB2A41C00}.Debug|Win32.Build.0 = Debug|Win32
		{CF356B88-93C7-4208-AEF9-6EEDB2A41C00}.Release|Win32.ActiveCfg = Release|Win32
		{CF356B88-93C7-4208-AEF9-6EEDB2A41C00}.Release|Win32.Build.0 = Release|Win32
		{1B5DBC1E-71A4-49BA-B6E3-8C017D2E0E16}.Debug|Win32.ActiveCfg = Debug|Win32
		{1B5DBC1E-71A4-49BA-B6E3-8C017D2E0E16}.Debug|Win32.Build.0 = Debug|Win32
		{1B5DBC1E-71A4-49BA-B6E3-8C017D2E0E16}.Release|Win32.ActiveCfg = Release|Win32
		{1B5DBC1E-71A4-49BA-B6E3-8C017D2E0E16}.Release|Win32.Build.0 = Release|Win32
		{11F7DE41-B33A-4D35-9E4F-242B99B37FFB}.Debug|Win32.ActiveCfg = Debug|Win32
		{11F7DE41-B33A-4D35-9E4F-242B99B37FFB}.Debug|Win32.Build.0 = Debug|Win32
		{11F7DE41-B33A-4D35-9E4F-242B99B37FFB}.Release|Win32.ActiveCfg = Release|Win32
		{11F7DE41-B33A-4D35-9E4F-242B99B37FFB}.Release|Win32.Build.0 = Release|Win32
		{6CA18A27-0351-4BB4-A790-7F6A0EBCA501}.Debug|Win32.ActiveCfg = Debug|Win32
		{6CA18A27-0351-4BB4-A790-7F6A0EBCA501}.Debug|Win32.Build.0 = Debug|Win32
		{6CA18A27-0351-4BB4-A790-7F6A0EBCA501}.Release|Win32.ActiveCfg = Release|Win32
		{6CA18A27-0351-4BB4-A790-7F6A0EBCA501}.Release|Win32.Build.0 = Release|Win32
		{30A33D7E-5765-40F1-B0BA-BD2BD6056F59}.Debug|Win32.ActiveCfg = Debug|Win32
		{30A33D7E-5765-40F1-B0BA-BD2BD6056F59}.Debug|Win32.Build.0 = Debug|Win32
		{30A33D7E-5765-40F1-B0BA-BD2BD6056F59}.Release|Win32.ActiveCfg = Release|Win32
		{30A33D7E-5765-40F1-B0BA-BD2BD6056F59}.Release|Win32.Build.0 = Release|Win32
	EndGlobalSection
	GlobalSection(SolutionProperties) = preSolution
		HideSolutionNode = FALSE
	EndGlobalSection
EndGlobal
